{
  "version": 3,
  "mopsTomlDepsHash": "2d0b346f12aaca1c0c38893a1ea02911c8552e5000aad3273af75ba0a57152f9",
  "deps": {
    "identity-attributes": "0.4.1",
    "core": "2.5.0"
  },
  "hashes": {
    "identity-attributes@0.4.1": {
      "identity-attributes@0.4.1/src/lib.mo": "d87cb7deb497d27df4a05983d90808083ec4f829bc893956ca7998bf5e5753d2",
      "identity-attributes@0.4.1/src/Internal/Challenges.mo": "a742c843a5ccc4608b8889dc4a9eb311ec4920d5665676eaa9aae222a4434a4b",
      "identity-attributes@0.4.1/LICENSE": "840e3d57a38a8061f55d04470fbd58b9345326fa04ea10ee42add5c6e3b2aa08",
      "identity-attributes@0.4.1/NOTICE": "ae3a34e972617652978a72d81f2af03822b81ccd5f2d40c08fe8ad83e16fc71e",
      "identity-attributes@0.4.1/README.md": "8ab4c23b74ced9b0ea1280400ccb6fb50c0d3585853b520ee6483fc50ab7fadc",
      "identity-attributes@0.4.1/mops.toml": "0e8af4880bc8d87475990da72fcfb21b90641f9127a93497cee77830678fc7f7",
      "identity-attributes@0.4.1/src/Internal/Attributes.mo": "f09b21be58cffc1cbe44425d416ccc38aa61abdbd1c2e4914130b7301606762f",
      "identity-attributes@0.4.1/src/Internal/Value.mo": "de16424d28450ee5366cdf4ada48116158e42034b4f8a53c865a7a8088e1135b",
      "identity-attributes@0.4.1/src/Internal/Verify.mo": "fa03b7227c19c74e7fc42923f22a896b0318bf56637d2eca65ec331548d34a07"
    },
    "core@2.5.0": {
      "core@2.5.0/src/Blob.mo": "25d7c07e9786f11ceb8611a32a83b8491769580024054086e4548607a67afbe4",
      "core@2.5.0/LICENSE": "840e3d57a38a8061f55d04470fbd58b9345326fa04ea10ee42add5c6e3b2aa08",
      "core@2.5.0/README.md": "9fce230bdc675d2493d65493c295ffce47bda7b56a80d23a389ca95d117dcb39",
      "core@2.5.0/NOTICE": "d62ca4ef9e2c9df064115c339013593cf0769e2b9dc78fa4b3211222541c7f83",
      "core@2.5.0/mops.toml": "5d34e80a4636956c22bedeeb1c00de33eb1ebfc32a2c2bdd260ce5045fce84ef",
      "core@2.5.0/src/Array.mo": "7400fd0e6d2550ddb6d01833f67a69109c617032ac445275aabc7c7d188caf8d",
      "core@2.5.0/src/Base64.mo": "34bedbad18db06770823e86668a5968893124bfa6d60d8df6b8d9a9a8e15e441",
      "core@2.5.0/src/Bool.mo": "3b606a6631f28c774e3055bc860201e56260fd32fdc5e8dc00d901506be95db5",
      "core@2.5.0/src/Error.mo": "2112280ea5300ae94ff9188c3bbd75a7db87f0c6eb65c2ac5bf04bc27c851d98",
      "core@2.5.0/src/CallerAttributes.mo": "7ac5ea306f7e4393a7830a1dd522583d3388b8dd4667db132ee77ba9ae131f66",
      "core@2.5.0/src/Debug.mo": "526c3f9d94e4a682917febb7b0021831a7cc345a2aa63e2499ddeda33cf63b3e",
      "core@2.5.0/src/Cycles.mo": "9f5c1fceea47f05c43f22a1c25e8753fb7e552e36106d27bceef24b1310f4cbc",
      "core@2.5.0/src/Char.mo": "ecc2550a6c70ccbb204d216bd18a422d2fcfbb4668a89ac49aab059972902041",
      "core@2.5.0/src/Float.mo": "d8b0afa56911ce8da99e26c8b0f2f149cfdea04da864805ee1af44b67ce047b7",
      "core@2.5.0/src/CertifiedData.mo": "5af3182d77ab7aab2384d1f663a8cd992bbd6652aacff29c443314cf2186328f",
      "core@2.5.0/src/Int32.mo": "41d42155e753ef9fc1301c8823f255134bf2202d4a74ef33e7b7b54a8fc53af4",
      "core@2.5.0/src/Int16.mo": "78c72aafbc039e2c0becc824caa4181158206759d6859e83077db360bc8568c3",
      "core@2.5.0/src/Float32.mo": "8716c0504acb010c2f358a22896f917835377ebf16e4977e1776a26dae1d615c",
      "core@2.5.0/src/Func.mo": "535991ccca8d551d48129a0b7df03ea7bd6ebf3d74b1b572259d10ce709d7d46",
      "core@2.5.0/src/Int.mo": "03886964690ff75ecd4170decd67653c517dadc65d9957fc644d03e9c1cf9abb",
      "core@2.5.0/src/InternetComputer.mo": "969951411beb5caf7d60ba6d5e906a5c70a3b466cee42e1135d1cd3d791cb3a1",
      "core@2.5.0/src/Int64.mo": "f1fda85af9f20b47bcbfda6eaef08c6eee11cab6e5fe3eadb2d9b1c2bcef2e65",
      "core@2.5.0/src/Int8.mo": "361af007cfc333937c6bb8e238304db1a7f07a310ec3321a85b89d627f16990f",
      "core@2.5.0/src/Map.mo": "71c1dd738868479cc9770470706f6f222ac9d7b4a2743f59b33b16b31fd98ac7",
      "core@2.5.0/src/List.mo": "263c61ad591bc94f5adfc27517122ce060b9f50425b52e4e01c2d0ed1ced029d",
      "core@2.5.0/src/Nat16.mo": "2b04622ab82be11147130dce8968195c0d4a09b37de8f57d16580673ca780f78",
      "core@2.5.0/src/Nat64.mo": "b7ea9f45a35f82c81771c1c36d99d73fdbd9e21f5b0c10e832685f7327246c5e",
      "core@2.5.0/src/Nat32.mo": "e3630af6551ae2a80f3809870f55d137c07f68092940c8d9255395504e4e81c8",
      "core@2.5.0/src/Iter.mo": "3627fbf52a392bfa76c6d6803c584b1556add077d0ad214d55802e17acf4d773",
      "core@2.5.0/src/Nat.mo": "78dab3e33310b766ee9066095a3e6acb1884a8dac32ae9a7cd560637d1e4ea4a",
      "core@2.5.0/src/Nat8.mo": "e45a6ae2a55ee6ff890d556dc289816b1bdf352d52d4b3ce54e57ae795deffc2",
      "core@2.5.0/src/Option.mo": "aeec94cd6954e7b8b5463a5b15abddfb56c5322cb9b9e7ac782092d5c33a8b38",
      "core@2.5.0/src/Region.mo": "741a6fae4f61e42fa0a938b00646515edfc96527341a3a2c3936d436c973798b",
      "core@2.5.0/src/Result.mo": "0932722ab0187524c3c11539ccf2a1b9453438a9f3a042dde94e45d9c56a32c5",
      "core@2.5.0/src/Principal.mo": "2246c14f55c5bc6968d97b551d9083522bb7a35bfac6f10f4dbcaa7ba53fbb3f",
      "core@2.5.0/src/Random.mo": "f5d48c30297b579a068af8cd8c6f4f986605e492b1b65424329a5171d1480e97",
      "core@2.5.0/src/Order.mo": "6c21e905e1e8c2b40cd50438218230c207d0bbec0d2514779edd76f9f84a812c",
      "core@2.5.0/src/PriorityQueue.mo": "37b9906d1d5a61e520027fd2e48a77facb28ddc760d8129447d6902e037ef7ce",
      "core@2.5.0/src/Queue.mo": "807ae8b4bdcaef6e37c57b65a93a04c0c5ed72f77e315e9916f5a25f62ce424f",
      "core@2.5.0/src/Runtime.mo": "d221bd16b45cb717cb4ef4fd698fa8632a415aecbbb5a6fdc8b5cd4bc50a9e56",
      "core@2.5.0/src/Stack.mo": "ed3c98fae4164ab4f934752f9adc2a92098af8f6d9fc71b16a54867cdb8787f8",
      "core@2.5.0/src/Text.mo": "c23d3f2970234a9553d33aaed7907684d16b220e2cea95ebce02b25c3215e787",
      "core@2.5.0/src/Types.mo": "00dc0132996b3bb3eaf5cc4413be78ca860137ef26f5b472b0e7b3ef68f6652f",
      "core@2.5.0/src/Tuples.mo": "0156c1fc21fffedd71d173e0d1b1e7a9a19726cbc49ec1cf49029d6d93bc7955",
      "core@2.5.0/src/Timer.mo": "389c247eed600fc8195ad1d9872f98fcc92faad96335c9734cf5265d573612e2",
      "core@2.5.0/src/Set.mo": "d64fed0989da152d0a4baa81719bef548ad3f461367d5d434d14e98cb18281f0",
      "core@2.5.0/src/Time.mo": "fcffd56cbeb21c3d8613973f3f1ea382babcf122ea93c9689149f0101c5f3e96",
      "core@2.5.0/src/WeakReference.mo": "06e58a6d67bf67c4b31ff871416d0cf6d6e34bfb409ce73d83372ef6b74de3cf",
      "core@2.5.0/src/VarArray.mo": "289e68fe216caa39d7d4829b73ccc03ed6e5e2e1d07079e3baa83b55651d1dd8",
      "core@2.5.0/src/internal/BTreeHelper.mo": "20a475baf18f924ee0297fc234469fa0985cdaa31c85ce002b5a921383b0534d",
      "core@2.5.0/src/pure/List.mo": "b4fb45cf75410461fb1501a316d2384d1be63fee1fccf11ed1d29677e5e2393c",
      "core@2.5.0/src/internal/PRNG.mo": "8a93e87baa2b12f613c82394a4a05b425e44a695bbace4ca36f9a1f78be26442",
      "core@2.5.0/src/internal/SortHelper.mo": "fff4f2eec5c59a3db13e46eeb69152bb1b98931f45cb58ac481439a0cd0d10bb",
      "core@2.5.0/src/pure/Map.mo": "e9868fc4dd5e8e6272382e33241c59f8664e3de2e618cbf62fa8b20beabecfab",
      "core@2.5.0/src/pure/Queue.mo": "ed0bd0968457ea3bb24c5367f0dbdb159cfe950d0e2666224985e57a784fae3b",
      "core@2.5.0/src/pure/RealTimeQueue.mo": "af133ae61c69ce4e00db5e9db53ddeccad84373fef82a156c85360c2426349dd",
      "core@2.5.0/src/pure/Set.mo": "f0155b1d548cbc8889fcff75ef52f0cab7998b034621e4faac8d3b79d7bbac07"
    }
  }
}